
Microsoft Visual Studio Solution File, Format Version 12.00
# Visual Studio Version 16
VisualStudioVersion = 16.0.31515.178
MinimumVisualStudioVersion = 10.0.40219.1
Project("{FAE04EC0-301F-11D3-BF4B-00C04F79EFBC}") = "engine", "engine\engine.csproj", "{5EC3A6AF-450F-4C9A-A09E-AF4BBB45D73E}"
EndProject
Project("{FAE04EC0-301F-11D3-BF4B-00C04F79EFBC}") = "app", "app\app.csproj", "{3CCCAD44-B9FC-4B1C-939A-0BACD2EBB84B}"
EndProject
Project("{FAE04EC0-301F-11D3-BF4B-00C04F79EFBC}") = "EngineTests", "EngineTests\EngineTests.csproj", "{D3B7114F-1E5E-4A5D-947C-8BAA51AF4716}"
EndProject
Global
	GlobalSection(SolutionConfigurationPlatforms) = preSolution
		Debug|Any CPU = Debug|Any CPU
		Release|Any CPU = Release|Any CPU
	EndGlobalSection
	GlobalSection(ProjectConfigurationPlatforms) = postSolution
		{5EC3A6AF-450F-4C9A-A09E-AF4BBB45D73E}.Debug|Any CPU.ActiveCfg = Debug|Any CPU
		{5EC3A6AF-450F-4C9A-A09E-AF4BBB45D73E}.Debug|Any CPU.Build.0 = Debug|Any CPU
		{5EC3A6AF-450F-4C9A-A09E-AF4BBB45D73E}.Release|Any CPU.ActiveCfg = Release|Any CPU
		{5EC3A6AF-450F-4C9A-A09E-AF4BBB45D73E}.Release|Any CPU.Build.0 = Release|Any CPU
		{3CCCAD44-B9FC-4B1C-939A-0BACD2EBB84B}.Debug|Any CPU.ActiveCfg = Debug|Any CPU
		{3CCCAD44-B9FC-4B1C-939A-0BACD2EBB84B}.Debug|Any CPU.Build.0 = Debug|Any CPU
		{3CCCAD44-B9FC-4B1C-939A-0BACD2EBB84B}.Release|Any CPU.ActiveCfg = Release|Any CPU
		{3CCCAD44-B9FC-4B1C-939A-0BACD2EBB84B}.Release|Any CPU.Build.0 = Release|Any CPU
		{D3B7114F-1E5E-4A5D-947C-8BAA51AF4716}.Debug|Any CPU.ActiveCfg = Debug|Any CPU
		{D3B7114F-1E5E-4A5D-947C-8BAA51AF4716}.Debug|Any CPU.Build.0 = Debug|Any CPU
		{D3B7114F-1E5E-4A5D-947C-8BAA51AF4716}.Release|Any CPU.ActiveCfg = Release|Any CPU
		{D3B7114F-1E5E-4A5D-947C-8BAA51AF4716}.Release|Any CPU.Build.0 = Release|Any CPU
	EndGlobalSection
	GlobalSection(SolutionProperties) = preSolution
		HideSolutionNode = FALSE
	EndGlobalSection
	GlobalSection(ExtensibilityGlobals) = postSolution
		SolutionGuid = {36456EB7-2C85-45DD-9BD0-CFD70B013449}
	EndGlobalSection
EndGlobal
